// !$*UTF8*$!
{
	archiveVersion = 1;
	classes = {
	};
	objectVersion = 50;
	objects = {

/* Begin PBXBuildFile section */
		F0E4224B25858849000B51E8 /* AppDelegate.swift in Sources */ = {isa = PBXBuildFile; fileRef = F0E4224A25858849000B51E8 /* AppDelegate.swift */; };
		F0E4224D25858849000B51E8 /* SceneDelegate.swift in Sources */ = {isa = PBXBuildFile; fileRef = F0E4224C25858849000B51E8 /* SceneDelegate.swift */; };
		F0E4224F25858849000B51E8 /* ViewController.swift in Sources */ = {isa = PBXBuildFile; fileRef = F0E4224E25858849000B51E8 /* ViewController.swift */; };
		F0E4225225858849000B51E8 /* Main.storyboard in Resources */ = {isa = PBXBuildFile; fileRef = F0E4225025858849000B51E8 /* Main.storyboard */; };
		F0E4225425858849000B51E8 /* Assets.xcassets in Resources */ = {isa = PBXBuildFile; fileRef = F0E4225325858849000B51E8 /* Assets.xcassets */; };
		F0E4225725858849000B51E8 /* LaunchScreen.storyboard in Resources */ = {isa = PBXBuildFile; fileRef = F0E4225525858849000B51E8 /* LaunchScreen.storyboard */; };
		F0E422622585884A000B51E8 /* tipTests.swift in Sources */ = {isa = PBXBuildFile; fileRef = F0E422612585884A000B51E8 /* tipTests.swift */; };
		F0E4226D2585884A000B51E8 /* tipUITests.swift in Sources */ = {isa = PBXBuildFile; fileRef = F0E4226C2585884A000B51E8 /* tipUITests.swift */; };
/* End PBXBuildFile section */

/* Begin PBXContainerItemProxy section */
		F0E4225E2585884A000B51E8 /* PBXContainerItemProxy */ = {
			isa = PBXContainerItemProxy;
			containerPortal = F0E4223F25858849000B51E8 /* Project object */;
			proxyType = 1;
			remoteGlobalIDString = F0E4224625858849000B51E8;
			remoteInfo = tip;
		};
		F0E422692585884A000B51E8 /* PBXContainerItemProxy */ = {
			isa = PBXContainerItemProxy;
			containerPortal = F0E4223F25858849000B51E8 /* Project object */;
			proxyType = 1;
			remoteGlobalIDString = F0E4224625858849000B51E8;
			remoteInfo = tip;
		};
/* End PBXContainerItemProxy section */

/* Begin PBXFileReference section */
		F0E4224725858849000B51E8 /* tip.app */ = {isa = PBXFileReference; explicitFileType = wrapper.application; includeInIndex = 0; path = tip.app; sourceTree = BUILT_PRODUCTS_DIR; };
		F0E4224A25858849000B51E8 /* AppDelegate.swift */ = {isa = PBXFileReference; lastKnownFileType = sourcecode.swift; path = AppDelegate.swift; sourceTree = "<group>"; };
		F0E4224C25858849000B51E8 /* SceneDelegate.swift */ = {isa = PBXFileReference; lastKnownFileType = sourcecode.swift; path = SceneDelegate.swift; sourceTree = "<group>"; };
		F0E4224E25858849000B51E8 /* ViewController.swift */ = {isa = PBXFileReference; lastKnownFileType = sourcecode.swift; path = ViewController.swift; sourceTree = "<group>"; };
		F0E4225125858849000B51E8 /* Base */ = {isa = PBXFileReference; lastKnownFileType = file.storyboard; name = Base; path = Base.lproj/Main.storyboard; sourceTree = "<group>"; };
		F0E4225325858849000B51E8 /* Assets.xcassets */ = {isa = PBXFileReference; lastKnownFileType = folder.assetcatalog; path = Assets.xcassets; sourceTree = "<group>"; };
		F0E4225625858849000B51E8 /* Base */ = {isa = PBXFileReference; lastKnownFileType = file.storyboard; name = Base; path = Base.lproj/LaunchScreen.storyboard; sourceTree = "<group>"; };
		F0E4225825858849000B51E8 /* Info.plist */ = {isa = PBXFileReference; lastKnownFileType = text.plist.xml; path = Info.plist; sourceTree = "<group>"; };
		F0E4225D2585884A000B51E8 /* tipTests.xctest */ = {isa = PBXFileReference; explicitFileType = wrapper.cfbundle; includeInIndex = 0; path = tipTests.xctest; sourceTree = BUILT_PRODUCTS_DIR; };
		F0E422612585884A000B51E8 /* tipTests.swift */ = {isa = PBXFileReference; lastKnownFileType = sourcecode.swift; path = tipTests.swift; sourceTree = "<group>"; };
		F0E422632585884A000B51E8 /* Info.plist */ = {isa = PBXFileReference; lastKnownFileType = text.plist.xml; path = Info.plist; sourceTree = "<group>"; };
		F0E422682585884A000B51E8 /* tipUITests.xctest */ = {isa = PBXFileReference; explicitFileType = wrapper.cfbundle; includeInIndex = 0; path = tipUITests.xctest; sourceTree = BUILT_PRODUCTS_DIR; };
		F0E4226C2585884A000B51E8 /* tipUITests.swift */ = {isa = PBXFileReference; lastKnownFileType = sourcecode.swift; path = tipUITests.swift; sourceTree = "<group>"; };
		F0E4226E2585884A000B51E8 /* Info.plist */ = {isa = PBXFileReference; lastKnownFileType = text.plist.xml; path = Info.plist; sourceTree = "<group>"; };
/* End PBXFileReference section */

/* Begin PBXFrameworksBuildPhase section */
		F0E4224425858849000B51E8 /* Frameworks */ = {
			isa = PBXFrameworksBuildPhase;
			buildActionMask = 2147483647;
			files = (
			);
			runOnlyForDeploymentPostprocessing = 0;
		};
		F0E4225A2585884A000B51E8 /* Frameworks */ = {
			isa = PBXFrameworksBuildPhase;
			buildActionMask = 2147483647;
			files = (
			);
			runOnlyForDeploymentPostprocessing = 0;
		};
		F0E422652585884A000B51E8 /* Frameworks */ = {
			isa = PBXFrameworksBuildPhase;
			buildActionMask = 2147483647;
			files = (
			);
			runOnlyForDeploymentPostprocessing = 0;
		};
/* End PBXFrameworksBuildPhase section */

/* Begin PBXGroup section */
		F0E4223E25858849000B51E8 = {
			isa = PBXGroup;
			children = (
				F0E4224925858849000B51E8 /* tip */,
				F0E422602585884A000B51E8 /* tipTests */,
				F0E4226B2585884A000B51E8 /* tipUITests */,
				F0E4224825858849000B51E8 /* Products */,
			);
			sourceTree = "<group>";
		};
		F0E4224825858849000B51E8 /* Products */ = {
			isa = PBXGroup;
			children = (
				F0E4224725858849000B51E8 /* tip.app */,
				F0E4225D2585884A000B51E8 /* tipTests.xctest */,
				F0E422682585884A000B51E8 /* tipUITests.xctest */,
			);
			name = Products;
			sourceTree = "<group>";
		};
		F0E4224925858849000B51E8 /* tip */ = {
			isa = PBXGroup;
			children = (
				F0E4224A25858849000B51E8 /* AppDelegate.swift */,
				F0E4224C25858849000B51E8 /* SceneDelegate.swift */,
				F0E4224E25858849000B51E8 /* ViewController.swift */,
				F0E4225025858849000B51E8 /* Main.storyboard */,
				F0E4225325858849000B51E8 /* Assets.xcassets */,
				F0E4225525858849000B51E8 /* LaunchScreen.storyboard */,
				F0E4225825858849000B51E8 /* Info.plist */,
			);
			path = tip;
			sourceTree = "<group>";
		};
		F0E422602585884A000B51E8 /* tipTests */ = {
			isa = PBXGroup;
			children = (
				F0E422612585884A000B51E8 /* tipTests.swift */,
				F0E422632585884A000B51E8 /* Info.plist */,
			);
			path = tipTests;
			sourceTree = "<group>";
		};
		F0E4226B2585884A000B51E8 /* tipUITests */ = {
			isa = PBXGroup;
			children = (
				F0E4226C2585884A000B51E8 /* tipUITests.swift */,
				F0E4226E2585884A000B51E8 /* Info.plist */,
			);
			path = tipUITests;
			sourceTree = "<group>";
		};
/* End PBXGroup section */

/* Begin PBXNativeTarget section */
		F0E4224625858849000B51E8 /* tip */ = {
			isa = PBXNativeTarget;
			buildConfigurationList = F0E422712585884A000B51E8 /* Build configuration list for PBXNativeTarget "tip" */;
			buildPhases = (
				F0E4224325858849000B51E8 /* Sources */,
				F0E4224425858849000B51E8 /* Frameworks */,
				F0E4224525858849000B51E8 /* Resources */,
			);
			buildRules = (
			);
			dependencies = (
			);
			name = tip;
			productName = tip;
			productReference = F0E4224725858849000B51E8 /* tip.app */;
			productType = "com.apple.product-type.application";
		};
		F0E4225C2585884A000B51E8 /* tipTests */ = {
			isa = PBXNativeTarget;
			buildConfigurationList = F0E422742585884A000B51E8 /* Build configuration list for PBXNativeTarget "tipTests" */;
			buildPhases = (
				F0E422592585884A000B51E8 /* Sources */,
				F0E4225A2585884A000B51E8 /* Frameworks */,
				F0E4225B2585884A000B51E8 /* Resources */,
			);
			buildRules = (
			);
			dependencies = (
				F0E4225F2585884A000B51E8 /* PBXTargetDependency */,
			);
			name = tipTests;
			productName = tipTests;
			productReference = F0E4225D2585884A000B51E8 /* tipTests.xctest */;
			productType = "com.apple.product-type.bundle.unit-test";
		};
		F0E422672585884A000B51E8 /* tipUITests */ = {
			isa = PBXNativeTarget;
			buildConfigurationList = F0E422772585884A000B51E8 /* Build configuration list for PBXNativeTarget "tipUITests" */;
			buildPhases = (
				F0E422642585884A000B51E8 /* Sources */,
				F0E422652585884A000B51E8 /* Frameworks */,
				F0E422662585884A000B51E8 /* Resources */,
			);
			buildRules = (
			);
			dependencies = (
				F0E4226A2585884A000B51E8 /* PBXTargetDependency */,
			);
			name = tipUITests;
			productName = tipUITests;
			productReference = F0E422682585884A000B51E8 /* tipUITests.xctest */;
			productType = "com.apple.product-type.bundle.ui-testing";
		};
/* End PBXNativeTarget section */

/* Begin PBXProject section */
		F0E4223F25858849000B51E8 /* Project object */ = {
			isa = PBXProject;
			attributes = {
				LastSwiftUpdateCheck = 1220;
				LastUpgradeCheck = 1220;
				TargetAttributes = {
					F0E4224625858849000B51E8 = {
						CreatedOnToolsVersion = 12.2;
					};
					F0E4225C2585884A000B51E8 = {
						CreatedOnToolsVersion = 12.2;
						TestTargetID = F0E4224625858849000B51E8;
					};
					F0E422672585884A000B51E8 = {
						CreatedOnToolsVersion = 12.2;
						TestTargetID = F0E4224625858849000B51E8;
					};
				};
			};
			buildConfigurationList = F0E4224225858849000B51E8 /* Build configuration list for PBXProject "tip" */;
			compatibilityVersion = "Xcode 9.3";
			developmentRegion = en;
			hasScannedForEncodings = 0;
			knownRegions = (
				en,
				Base,
			);
			mainGroup = F0E4223E25858849000B51E8;
			productRefGroup = F0E4224825858849000B51E8 /* Products */;
			projectDirPath = "";
			projectRoot = "";
			targets = (
				F0E4224625858849000B51E8 /* tip */,
				F0E4225C2585884A000B51E8 /* tipTests */,
				F0E422672585884A000B51E8 /* tipUITests */,
			);
		};
/* End PBXProject section */

/* Begin PBXResourcesBuildPhase section */
		F0E4224525858849000B51E8 /* Resources */ = {
			isa = PBXResourcesBuildPhase;
			buildActionMask = 2147483647;
			files = (
				F0E4225725858849000B51E8 /* LaunchScreen.storyboard in Resources */,
				F0E4225425858849000B51E8 /* Assets.xcassets in Resources */,
				F0E4225225858849000B51E8 /* Main.storyboard in Resources */,
			);
			runOnlyForDeploymentPostprocessing = 0;
		};
		F0E4225B2585884A000B51E8 /* Resources */ = {
			isa = PBXResourcesBuildPhase;
			buildActionMask = 2147483647;
			files = (
			);
			runOnlyForDeploymentPostprocessing = 0;
		};
		F0E422662585884A000B51E8 /* Resources */ = {
			isa = PBXResourcesBuildPhase;
			buildActionMask = 2147483647;
			files = (
			);
			runOnlyForDeploymentPostprocessing = 0;
		};
/* End PBXResourcesBuildPhase section */

/* Begin PBXSourcesBuildPhase section */
		F0E4224325858849000B51E8 /* Sources */ = {
			isa = PBXSourcesBuildPhase;
			buildActionMask = 2147483647;
			files = (
				F0E4224F25858849000B51E8 /* ViewController.swift in Sources */,
				F0E4224B25858849000B51E8 /* AppDelegate.swift in Sources */,
				F0E4224D25858849000B51E8 /* SceneDelegate.swift in Sources */,
			);
			runOnlyForDeploymentPostprocessing = 0;
		};
		F0E422592585884A000B51E8 /* Sources */ = {
			isa = PBXSourcesBuildPhase;
			buildActionMask = 2147483647;
			files = (
				F0E422622585884A000B51E8 /* tipTests.swift in Sources */,
			);
			runOnlyForDeploymentPostprocessing = 0;
		};
		F0E422642585884A000B51E8 /* Sources */ = {
			isa = PBXSourcesBuildPhase;
			buildActionMask = 2147483647;
			files = (
				F0E4226D2585884A000B51E8 /* tipUITests.swift in Sources */,
			);
			runOnlyForDeploymentPostprocessing = 0;
		};
/* End PBXSourcesBuildPhase section */

/* Begin PBXTargetDependency section */
		F0E4225F2585884A000B51E8 /* PBXTargetDependency */ = {
			isa = PBXTargetDependency;
			target = F0E4224625858849000B51E8 /* tip */;
			targetProxy = F0E4225E2585884A000B51E8 /* PBXContainerItemProxy */;
		};
		F0E4226A2585884A000B51E8 /* PBXTargetDependency */ = {
			isa = PBXTargetDependency;
			target = F0E4224625858849000B51E8 /* tip */;
			targetProxy = F0E422692585884A000B51E8 /* PBXContainerItemProxy */;
		};
/* End PBXTargetDependency section */

/* Begin PBXVariantGroup section */
		F0E4225025858849000B51E8 /* Main.storyboard */ = {
			isa = PBXVariantGroup;
			children = (
				F0E4225125858849000B51E8 /* Base */,
			);
			name = Main.storyboard;
			sourceTree = "<group>";
		};
		F0E4225525858849000B51E8 /* LaunchScreen.storyboard */ = {
			isa = PBXVariantGroup;
			children = (
				F0E4225625858849000B51E8 /* Base */,
			);
			name = LaunchScreen.storyboard;
			sourceTree = "<group>";
		};
/* End PBXVariantGroup section */

/* Begin XCBuildConfiguration section */
		F0E4226F2585884A000B51E8 /* Debug */ = {
			isa = XCBuildConfiguration;
			buildSettings = {
				ALWAYS_SEARCH_USER_PATHS = NO;
				CLANG_ANALYZER_NONNULL = YES;
				CLANG_ANALYZER_NUMBER_OBJECT_CONVERSION = YES_AGGRESSIVE;
				CLANG_CXX_LANGUAGE_STANDARD = "gnu++14";
				CLANG_CXX_LIBRARY = "libc++";
				CLANG_ENABLE_MODULES = YES;
				CLANG_ENABLE_OBJC_ARC = YES;
				CLANG_ENABLE_OBJC_WEAK = YES;
				CLANG_WARN_BLOCK_CAPTURE_AUTORELEASING = YES;
				CLANG_WARN_BOOL_CONVERSION = YES;
				CLANG_WARN_COMMA = YES;
				CLANG_WARN_CONSTANT_CONVERSION = YES;
				CLANG_WARN_DEPRECATED_OBJC_IMPLEMENTATIONS = YES;
				CLANG_WARN_DIRECT_OBJC_ISA_USAGE = YES_ERROR;
				CLANG_WARN_DOCUMENTATION_COMMENTS = YES;
				CLANG_WARN_EMPTY_BODY = YES;
				CLANG_WARN_ENUM_CONVERSION = YES;
				CLANG_WARN_INFINITE_RECURSION = YES;
				CLANG_WARN_INT_CONVERSION = YES;
				CLANG_WARN_NON_LITERAL_NULL_CONVERSION = YES;
				CLANG_WARN_OBJC_IMPLICIT_RETAIN_SELF = YES;
				CLANG_WARN_OBJC_LITERAL_CONVERSION = YES;
				CLANG_WARN_OBJC_ROOT_CLASS = YES_ERROR;
				CLANG_WARN_QUOTED_INCLUDE_IN_FRAMEWORK_HEADER = YES;
				CLANG_WARN_RANGE_LOOP_ANALYSIS = YES;
				CLANG_WARN_STRICT_PROTOTYPES = YES;
				CLANG_WARN_SUSPICIOUS_MOVE = YES;
				CLANG_WARN_UNGUARDED_AVAILABILITY = YES_AGGRESSIVE;
				CLANG_WARN_UNREACHABLE_CODE = YES;
				CLANG_WARN__DUPLICATE_METHOD_MATCH = YES;
				COPY_PHASE_STRIP = NO;
				DEBUG_INFORMATION_FORMAT = dwarf;
				ENABLE_STRICT_OBJC_MSGSEND = YES;
				ENABLE_TESTABILITY = YES;
				GCC_C_LANGUAGE_STANDARD = gnu11;
				GCC_DYNAMIC_NO_PIC = NO;
				GCC_NO_COMMON_BLOCKS = YES;
				GCC_OPTIMIZATION_LEVEL = 0;
				GCC_PREPROCESSOR_DEFINITIONS = (
					"DEBUG=1",
					"$(inherited)",
				);
				GCC_WARN_64_TO_32_BIT_CONVERSION = YES;
				GCC_WARN_ABOUT_RETURN_TYPE = YES_ERROR;
				GCC_WARN_UNDECLARED_SELECTOR = YES;
				GCC_WARN_UNINITIALIZED_AUTOS = YES_AGGRESSIVE;
				GCC_WARN_UNUSED_FUNCTION = YES;
				GCC_WARN_UNUSED_VARIABLE = YES;
				IPHONEOS_DEPLOYMENT_TARGET = 14.2;
				MTL_ENABLE_DEBUG_INFO = INCLUDE_SOURCE;
				MTL_FAST_MATH = YES;
				ONLY_ACTIVE_ARCH = YES;
				SDKROOT = iphoneos;
				SWIFT_ACTIVE_COMPILATION_CONDITIONS = DEBUG;
				SWIFT_OPTIMIZATION_LEVEL = "-Onone";
			};
			name = Debug;
		};
		F0E422702585884A000B51E8 /* Release */ = {
			isa = XCBuildConfiguration;
			buildSettings = {
				ALWAYS_SEARCH_USER_PATHS = NO;
				CLANG_ANALYZER_NONNULL = YES;
				CLANG_ANALYZER_NUMBER_OBJECT_CONVERSION = YES_AGGRESSIVE;
				CLANG_CXX_LANGUAGE_STANDARD = "gnu++14";
				CLANG_CXX_LIBRARY = "libc++";
				CLANG_ENABLE_MODULES = YES;
				CLANG_ENABLE_OBJC_ARC = YES;
				CLANG_ENABLE_OBJC_WEAK = YES;
				CLANG_WARN_BLOCK_CAPTURE_AUTORELEASING = YES;
				CLANG_WARN_BOOL_CONVERSION = YES;
				CLANG_WARN_COMMA = YES;
				CLANG_WARN_CONSTANT_CONVERSION = YES;
				CLANG_WARN_DEPRECATED_OBJC_IMPLEMENTATIONS = YES;
				CLANG_WARN_DIRECT_OBJC_ISA_USAGE = YES_ERROR;
				CLANG_WARN_DOCUMENTATION_COMMENTS = YES;
				CLANG_WARN_EMPTY_BODY = YES;
				CLANG_WARN_ENUM_CONVERSION = YES;
				CLANG_WARN_INFINITE_RECURSION = YES;
				CLANG_WARN_INT_CONVERSION = YES;
				CLANG_WARN_NON_LITERAL_NULL_CONVERSION = YES;
				CLANG_WARN_OBJC_IMPLICIT_RETAIN_SELF = YES;
				CLANG_WARN_OBJC_LITERAL_CONVERSION = YES;
				CLANG_WARN_OBJC_ROOT_CLASS = YES_ERROR;
				CLANG_WARN_QUOTED_INCLUDE_IN_FRAMEWORK_HEADER = YES;
				CLANG_WARN_RANGE_LOOP_ANALYSIS = YES;
				CLANG_WARN_STRICT_PROTOTYPES = YES;
				CLANG_WARN_SUSPICIOUS_MOVE = YES;
				CLANG_WARN_UNGUARDED_AVAILABILITY = YES_AGGRESSIVE;
				CLANG_WARN_UNREACHABLE_CODE = YES;
				CLANG_WARN__DUPLICATE_METHOD_MATCH = YES;
				COPY_PHASE_STRIP = NO;
				DEBUG_INFORMATION_FORMAT = "dwarf-with-dsym";
				ENABLE_NS_ASSERTIONS = NO;
				ENABLE_STRICT_OBJC_MSGSEND = YES;
				GCC_C_LANGUAGE_STANDARD = gnu11;
				GCC_NO_COMMON_BLOCKS = YES;
				GCC_WARN_64_TO_32_BIT_CONVERSION = YES;
				GCC_WARN_ABOUT_RETURN_TYPE = YES_ERROR;
				GCC_WARN_UNDECLARED_SELECTOR = YES;
				GCC_WARN_UNINITIALIZED_AUTOS = YES_AGGRESSIVE;
				GCC_WARN_UNUSED_FUNCTION = YES;
				GCC_WARN_UNUSED_VARIABLE = YES;
				IPHONEOS_DEPLOYMENT_TARGET = 14.2;
				MTL_ENABLE_DEBUG_INFO = NO;
				MTL_FAST_MATH = YES;
				SDKROOT = iphoneos;
				SWIFT_COMPILATION_MODE = wholemodule;
				SWIFT_OPTIMIZATION_LEVEL = "-O";
				VALIDATE_PRODUCT = YES;
			};
			name = Release;
		};
		F0E422722585884A000B51E8 /* Debug */ = {
			isa = XCBuildConfiguration;
			buildSettings = {
				ASSETCATALOG_COMPILER_APPICON_NAME = AppIcon;
				ASSETCATALOG_COMPILER_GLOBAL_ACCENT_COLOR_NAME = AccentColor;
				CODE_SIGN_STYLE = Automatic;
				INFOPLIST_FILE = tip/Info.plist;
				LD_RUNPATH_SEARCH_PATHS = (
					"$(inherited)",
					"@executable_path/Frameworks",
				);
				PRODUCT_BUNDLE_IDENTIFIER = Codepath.tip;
				PRODUCT_NAME = "$(TARGET_NAME)";
				SWIFT_VERSION = 5.0;
				TARGETED_DEVICE_FAMILY = "1,2";
			};
			name = Debug;
		};
		F0E422732585884A000B51E8 /* Release */ = {
			isa = XCBuildConfiguration;
			buildSettings = {
				ASSETCATALOG_COMPILER_APPICON_NAME = AppIcon;
				ASSETCATALOG_COMPILER_GLOBAL_ACCENT_COLOR_NAME = AccentColor;
				CODE_SIGN_STYLE = Automatic;
				INFOPLIST_FILE = tip/Info.plist;
				LD_RUNPATH_SEARCH_PATHS = (
					"$(inherited)",
					"@executable_path/Frameworks",
				);
				PRODUCT_BUNDLE_IDENTIFIER = Codepath.tip;
				PRODUCT_NAME = "$(TARGET_NAME)";
				SWIFT_VERSION = 5.0;
				TARGETED_DEVICE_FAMILY = "1,2";
			};
			name = Release;
		};
		F0E422752585884A000B51E8 /* Debug */ = {
			isa = XCBuildConfiguration;
			buildSettings = {
				ALWAYS_EMBED_SWIFT_STANDARD_LIBRARIES = YES;
				BUNDLE_LOADER = "$(TEST_HOST)";
				CODE_SIGN_STYLE = Automatic;
				INFOPLIST_FILE = tipTests/Info.plist;
				IPHONEOS_DEPLOYMENT_TARGET = 14.2;
				LD_RUNPATH_SEARCH_PATHS = (
					"$(inherited)",
					"@executable_path/Frameworks",
					"@loader_path/Frameworks",
				);
				PRODUCT_BUNDLE_IDENTIFIER = Codepath.tipTests;
				PRODUCT_NAME = "$(TARGET_NAME)";
				SWIFT_VERSION = 5.0;
				TARGETED_DEVICE_FAMILY = "1,2";
				TEST_HOST = "$(BUILT_PRODUCTS_DIR)/tip.app/tip";
			};
			name = Debug;
		};
		F0E422762585884A000B51E8 /* Release */ = {
			isa = XCBuildConfiguration;
			buildSettings = {
				ALWAYS_EMBED_SWIFT_STANDARD_LIBRARIES = YES;
				BUNDLE_LOADER = "$(TEST_HOST)";
				CODE_SIGN_STYLE = Automatic;
				INFOPLIST_FILE = tipTests/Info.plist;
				IPHONEOS_DEPLOYMENT_TARGET = 14.2;
				LD_RUNPATH_SEARCH_PATHS = (
					"$(inherited)",
					"@executable_path/Frameworks",
					"@loader_path/Frameworks",
				);
				PRODUCT_BUNDLE_IDENTIFIER = Codepath.tipTests;
				PRODUCT_NAME = "$(TARGET_NAME)";
				SWIFT_VERSION = 5.0;
				TARGETED_DEVICE_FAMILY = "1,2";
				TEST_HOST = "$(BUILT_PRODUCTS_DIR)/tip.app/tip";
			};
			name = Release;
		};
		F0E422782585884A000B51E8 /* Debug */ = {
			isa = XCBuildConfiguration;
			buildSettings = {
				ALWAYS_EMBED_SWIFT_STANDARD_LIBRARIES = YES;
				CODE_SIGN_STYLE = Automatic;
				INFOPLIST_FILE = tipUITests/Info.plist;
				LD_RUNPATH_SEARCH_PATHS = (
					"$(inherited)",
					"@executable_path/Frameworks",
					"@loader_path/Frameworks",
				);
				PRODUCT_BUNDLE_IDENTIFIER = Codepath.tipUITests;
				PRODUCT_NAME = "$(TARGET_NAME)";
				SWIFT_VERSION = 5.0;
				TARGETED_DEVICE_FAMILY = "1,2";
				TEST_TARGET_NAME = tip;
			};
			name = Debug;
		};
		F0E422792585884A000B51E8 /* Release */ = {
			isa = XCBuildConfiguration;
			buildSettings = {
				ALWAYS_EMBED_SWIFT_STANDARD_LIBRARIES = YES;
				CODE_SIGN_STYLE = Automatic;
				INFOPLIST_FILE = tipUITests/Info.plist;
				LD_RUNPATH_SEARCH_PATHS = (
					"$(inherited)",
					"@executable_path/Frameworks",
					"@loader_path/Frameworks",
				);
				PRODUCT_BUNDLE_IDENTIFIER = Codepath.tipUITests;
				PRODUCT_NAME = "$(TARGET_NAME)";
				SWIFT_VERSION = 5.0;
				TARGETED_DEVICE_FAMILY = "1,2";
				TEST_TARGET_NAME = tip;
			};
			name = Release;
		};
/* End XCBuildConfiguration section */

/* Begin XCConfigurationList section */
		F0E4224225858849000B51E8 /* Build configuration list for PBXProject "tip" */ = {
			isa = XCConfigurationList;
			buildConfigurations = (
				F0E4226F2585884A000B51E8 /* Debug */,
				F0E422702585884A000B51E8 /* Release */,
			);
			defaultConfigurationIsVisible = 0;
			defaultConfigurationName = Release;
		};
		F0E422712585884A000B51E8 /* Build configuration list for PBXNativeTarget "tip" */ = {
			isa = XCConfigurationList;
			buildConfigurations = (
				F0E422722585884A000B51E8 /* Debug */,
				F0E422732585884A000B51E8 /* Release */,
			);
			defaultConfigurationIsVisible = 0;
			defaultConfigurationName = Release;
		};
		F0E422742585884A000B51E8 /* Build configuration list for PBXNativeTarget "tipTests" */ = {
			isa = XCConfigurationList;
			buildConfigurations = (
				F0E422752585884A000B51E8 /* Debug */,
				F0E422762585884A000B51E8 /* Release */,
			);
			defaultConfigurationIsVisible = 0;
			defaultConfigurationName = Release;
		};
		F0E422772585884A000B51E8 /* Build configuration list for PBXNativeTarget "tipUITests" */ = {
			isa = XCConfigurationList;
			buildConfigurations = (
				F0E422782585884A000B51E8 /* Debug */,
				F0E422792585884A000B51E8 /* Release */,
			);
			defaultConfigurationIsVisible = 0;
			defaultConfigurationName = Release;
		};
/* End XCConfigurationList section */
	};
	rootObject = F0E4223F25858849000B51E8 /* Project object */;
}
